
Microsoft Visual Studio Solution File, Format Version 12.00
# Visual Studio Version 16
VisualStudioVersion = 16.0.30517.126
MinimumVisualStudioVersion = 10.0.40219.1
Project("{FAE04EC0-301F-11D3-BF4B-00C04F79EFBC}") = "task3", "task3\task3.csproj", "{B99F759A-7A2B-4CA3-945B-B2B8F667D9E7}"
EndProject
Global
	GlobalSection(SolutionConfigurationPlatforms) = preSolution
		Debug|Any CPU = Debug|Any CPU
		Release|Any CPU = Release|Any CPU
	EndGlobalSection
	GlobalSection(ProjectConfigurationPlatforms) = postSolution
		{B99F759A-7A2B-4CA3-945B-B2B8F667D9E7}.Debug|Any CPU.ActiveCfg = Debug|Any CPU
		{B99F759A-7A2B-4CA3-945B-B2B8F667D9E7}.Debug|Any CPU.Build.0 = Debug|Any CPU
		{B99F759A-7A2B-4CA3-945B-B2B8F667D9E7}.Release|Any CPU.ActiveCfg = Release|Any CPU
		{B99F759A-7A2B-4CA3-945B-B2B8F667D9E7}.Release|Any CPU.Build.0 = Release|Any CPU
	EndGlobalSection
	GlobalSection(SolutionProperties) = preSolution
		HideSolutionNode = FALSE
	EndGlobalSection
	GlobalSection(ExtensibilityGlobals) = postSolution
		SolutionGuid = {EE698355-0334-42E9-8162-A3F8FD6FEC2B}
	EndGlobalSection
EndGlobal
